// !$*UTF8*$!
{
	archiveVersion = 1;
	classes = {
	};
	objectVersion = 50;
	objects = {

/* Begin PBXBuildFile section */
		262EB47520940F9500BF8921 /* AppDelegate.m in Sources */ = {isa = PBXBuildFile; fileRef = 262EB47420940F9500BF8921 /* AppDelegate.m */; };
		262EB47820940F9500BF8921 /* ViewController.m in Sources */ = {isa = PBXBuildFile; fileRef = 262EB47720940F9500BF8921 /* ViewController.m */; };
		262EB47B20940F9500BF8921 /* Main.storyboard in Resources */ = {isa = PBXBuildFile; fileRef = 262EB47920940F9500BF8921 /* Main.storyboard */; };
		262EB47D20940F9600BF8921 /* Assets.xcassets in Resources */ = {isa = PBXBuildFile; fileRef = 262EB47C20940F9600BF8921 /* Assets.xcassets */; };
		262EB48020940F9600BF8921 /* LaunchScreen.storyboard in Resources */ = {isa = PBXBuildFile; fileRef = 262EB47E20940F9600BF8921 /* LaunchScreen.storyboard */; };
		262EB48320940F9600BF8921 /* main.m in Sources */ = {isa = PBXBuildFile; fileRef = 262EB48220940F9600BF8921 /* main.m */; };
		262EB490209414F700BF8921 /* NSArray+ZXlog.m in Sources */ = {isa = PBXBuildFile; fileRef = 262EB48F209414F700BF8921 /* NSArray+ZXlog.m */; };
		262EB4932094186F00BF8921 /* NSAttributedString+ZXAddition.m in Sources */ = {isa = PBXBuildFile; fileRef = 262EB4922094186F00BF8921 /* NSAttributedString+ZXAddition.m */; };
		262EB49520941C5B00BF8921 /* tabbar_compose_button@2x.png in Resources */ = {isa = PBXBuildFile; fileRef = 262EB49420941C5A00BF8921 /* tabbar_compose_button@2x.png */; };
		262EB4982094210700BF8921 /* NSObject+ZXRuntime.m in Sources */ = {isa = PBXBuildFile; fileRef = 262EB4972094210700BF8921 /* NSObject+ZXRuntime.m */; };
/* End PBXBuildFile section */

/* Begin PBXFileReference section */
		262EB47020940F9500BF8921 /* ZXAdditions.app */ = {isa = PBXFileReference; explicitFileType = wrapper.application; includeInIndex = 0; path = ZXAdditions.app; sourceTree = BUILT_PRODUCTS_DIR; };
		262EB47320940F9500BF8921 /* AppDelegate.h */ = {isa = PBXFileReference; lastKnownFileType = sourcecode.c.h; path = AppDelegate.h; sourceTree = "<group>"; };
		262EB47420940F9500BF8921 /* AppDelegate.m */ = {isa = PBXFileReference; lastKnownFileType = sourcecode.c.objc; path = AppDelegate.m; sourceTree = "<group>"; };
		262EB47620940F9500BF8921 /* ViewController.h */ = {isa = PBXFileReference; lastKnownFileType = sourcecode.c.h; path = ViewController.h; sourceTree = "<group>"; };
		262EB47720940F9500BF8921 /* ViewController.m */ = {isa = PBXFileReference; lastKnownFileType = sourcecode.c.objc; path = ViewController.m; sourceTree = "<group>"; };
		262EB47A20940F9500BF8921 /* Base */ = {isa = PBXFileReference; lastKnownFileType = file.storyboard; name = Base; path = Base.lproj/Main.storyboard; sourceTree = "<group>"; };
		262EB47C20940F9600BF8921 /* Assets.xcassets */ = {isa = PBXFileReference; lastKnownFileType = folder.assetcatalog; path = Assets.xcassets; sourceTree = "<group>"; };
		262EB47F20940F9600BF8921 /* Base */ = {isa = PBXFileReference; lastKnownFileType = file.storyboard; name = Base; path = Base.lproj/LaunchScreen.storyboard; sourceTree = "<group>"; };
		262EB48120940F9600BF8921 /* Info.plist */ = {isa = PBXFileReference; lastKnownFileType = text.plist.xml; path = Info.plist; sourceTree = "<group>"; };
		262EB48220940F9600BF8921 /* main.m */ = {isa = PBXFileReference; lastKnownFileType = sourcecode.c.objc; path = main.m; sourceTree = "<group>"; };
		262EB48A2094115F00BF8921 /* ZXAdditions.h */ = {isa = PBXFileReference; lastKnownFileType = sourcecode.c.h; path = ZXAdditions.h; sourceTree = "<group>"; };
		262EB48E209414F700BF8921 /* NSArray+ZXlog.h */ = {isa = PBXFileReference; lastKnownFileType = sourcecode.c.h; path = "NSArray+ZXlog.h"; sourceTree = "<group>"; };
		262EB48F209414F700BF8921 /* NSArray+ZXlog.m */ = {isa = PBXFileReference; lastKnownFileType = sourcecode.c.objc; path = "NSArray+ZXlog.m"; sourceTree = "<group>"; };
		262EB4912094186F00BF8921 /* NSAttributedString+ZXAddition.h */ = {isa = PBXFileReference; lastKnownFileType = sourcecode.c.h; path = "NSAttributedString+ZXAddition.h"; sourceTree = "<group>"; };
		262EB4922094186F00BF8921 /* NSAttributedString+ZXAddition.m */ = {isa = PBXFileReference; lastKnownFileType = sourcecode.c.objc; path = "NSAttributedString+ZXAddition.m"; sourceTree = "<group>"; };
		262EB49420941C5A00BF8921 /* tabbar_compose_button@2x.png */ = {isa = PBXFileReference; lastKnownFileType = image.png; path = "tabbar_compose_button@2x.png"; sourceTree = "<group>"; };
		262EB4962094210700BF8921 /* NSObject+ZXRuntime.h */ = {isa = PBXFileReference; lastKnownFileType = sourcecode.c.h; path = "NSObject+ZXRuntime.h"; sourceTree = "<group>"; };
		262EB4972094210700BF8921 /* NSObject+ZXRuntime.m */ = {isa = PBXFileReference; lastKnownFileType = sourcecode.c.objc; path = "NSObject+ZXRuntime.m"; sourceTree = "<group>"; };
/* End PBXFileReference section */

/* Begin PBXFrameworksBuildPhase section */
		262EB46D20940F9500BF8921 /* Frameworks */ = {
			isa = PBXFrameworksBuildPhase;
			buildActionMask = 2147483647;
			files = (
			);
			runOnlyForDeploymentPostprocessing = 0;
		};
/* End PBXFrameworksBuildPhase section */

/* Begin PBXGroup section */
		262EB46720940F9500BF8921 = {
			isa = PBXGroup;
			children = (
				262EB47220940F9500BF8921 /* ZXAdditions */,
				262EB47120940F9500BF8921 /* Products */,
			);
			sourceTree = "<group>";
		};
		262EB47120940F9500BF8921 /* Products */ = {
			isa = PBXGroup;
			children = (
				262EB47020940F9500BF8921 /* ZXAdditions.app */,
			);
			name = Products;
			sourceTree = "<group>";
		};
		262EB47220940F9500BF8921 /* ZXAdditions */ = {
			isa = PBXGroup;
			children = (
				262EB47320940F9500BF8921 /* AppDelegate.h */,
				262EB47420940F9500BF8921 /* AppDelegate.m */,
				262EB47620940F9500BF8921 /* ViewController.h */,
				262EB47720940F9500BF8921 /* ViewController.m */,
				262EB4892094113E00BF8921 /* ZXAdditions */,
				262EB47920940F9500BF8921 /* Main.storyboard */,
				262EB47C20940F9600BF8921 /* Assets.xcassets */,
				262EB49420941C5A00BF8921 /* tabbar_compose_button@2x.png */,
				262EB47E20940F9600BF8921 /* LaunchScreen.storyboard */,
				262EB48120940F9600BF8921 /* Info.plist */,
				262EB48220940F9600BF8921 /* main.m */,
			);
			path = ZXAdditions;
			sourceTree = "<group>";
		};
		262EB4892094113E00BF8921 /* ZXAdditions */ = {
			isa = PBXGroup;
			children = (
				262EB48A2094115F00BF8921 /* ZXAdditions.h */,
				262EB48E209414F700BF8921 /* NSArray+ZXlog.h */,
				262EB48F209414F700BF8921 /* NSArray+ZXlog.m */,
				262EB4912094186F00BF8921 /* NSAttributedString+ZXAddition.h */,
				262EB4922094186F00BF8921 /* NSAttributedString+ZXAddition.m */,
				262EB4962094210700BF8921 /* NSObject+ZXRuntime.h */,
				262EB4972094210700BF8921 /* NSObject+ZXRuntime.m */,
			);
			path = ZXAdditions;
			sourceTree = "<group>";
		};
/* End PBXGroup section */

/* Begin PBXNativeTarget section */
		262EB46F20940F9500BF8921 /* ZXAdditions */ = {
			isa = PBXNativeTarget;
			buildConfigurationList = 262EB48620940F9600BF8921 /* Build configuration list for PBXNativeTarget "ZXAdditions" */;
			buildPhases = (
				262EB46C20940F9500BF8921 /* Sources */,
				262EB46D20940F9500BF8921 /* Frameworks */,
				262EB46E20940F9500BF8921 /* Resources */,
			);
			buildRules = (
			);
			dependencies = (
			);
			name = ZXAdditions;
			productName = ZXAdditions;
			productReference = 262EB47020940F9500BF8921 /* ZXAdditions.app */;
			productType = "com.apple.product-type.application";
		};
/* End PBXNativeTarget section */

/* Begin PBXProject section */
		262EB46820940F9500BF8921 /* Project object */ = {
			isa = PBXProject;
			attributes = {
				LastUpgradeCheck = 0930;
				ORGANIZATIONNAME = windorz;
				TargetAttributes = {
					262EB46F20940F9500BF8921 = {
						CreatedOnToolsVersion = 9.3;
					};
				};
			};
			buildConfigurationList = 262EB46B20940F9500BF8921 /* Build configuration list for PBXProject "ZXAdditions" */;
			compatibilityVersion = "Xcode 9.3";
			developmentRegion = en;
			hasScannedForEncodings = 0;
			knownRegions = (
				en,
				Base,
			);
			mainGroup = 262EB46720940F9500BF8921;
			productRefGroup = 262EB47120940F9500BF8921 /* Products */;
			projectDirPath = "";
			projectRoot = "";
			targets = (
				262EB46F20940F9500BF8921 /* ZXAdditions */,
			);
		};
/* End PBXProject section */

/* Begin PBXResourcesBuildPhase section */
		262EB46E20940F9500BF8921 /* Resources */ = {
			isa = PBXResourcesBuildPhase;
			buildActionMask = 2147483647;
			files = (
				262EB48020940F9600BF8921 /* LaunchScreen.storyboard in Resources */,
				262EB49520941C5B00BF8921 /* tabbar_compose_button@2x.png in Resources */,
				262EB47D20940F9600BF8921 /* Assets.xcassets in Resources */,
				262EB47B20940F9500BF8921 /* Main.storyboard in Resources */,
			);
			runOnlyForDeploymentPostprocessing = 0;
		};
/* End PBXResourcesBuildPhase section */

/* Begin PBXSourcesBuildPhase section */
		262EB46C20940F9500BF8921 /* Sources */ = {
			isa = PBXSourcesBuildPhase;
			buildActionMask = 2147483647;
			files = (
				262EB4932094186F00BF8921 /* NSAttributedString+ZXAddition.m in Sources */,
				262EB47820940F9500BF8921 /* ViewController.m in Sources */,
				262EB490209414F700BF8921 /* NSArray+ZXlog.m in Sources */,
				262EB48320940F9600BF8921 /* main.m in Sources */,
				262EB4982094210700BF8921 /* NSObject+ZXRuntime.m in Sources */,
				262EB47520940F9500BF8921 /* AppDelegate.m in Sources */,
			);
			runOnlyForDeploymentPostprocessing = 0;
		};
/* End PBXSourcesBuildPhase section */

/* Begin PBXVariantGroup section */
		262EB47920940F9500BF8921 /* Main.storyboard */ = {
			isa = PBXVariantGroup;
			children = (
				262EB47A20940F9500BF8921 /* Base */,
			);
			name = Main.storyboard;
			sourceTree = "<group>";
		};
		262EB47E20940F9600BF8921 /* LaunchScreen.storyboard */ = {
			isa = PBXVariantGroup;
			children = (
				262EB47F20940F9600BF8921 /* Base */,
			);
			name = LaunchScreen.storyboard;
			sourceTree = "<group>";
		};
/* End PBXVariantGroup section */

/* Begin XCBuildConfiguration section */
		262EB48420940F9600BF8921 /* Debug */ = {
			isa = XCBuildConfiguration;
			buildSettings = {
				ALWAYS_SEARCH_USER_PATHS = NO;
				CLANG_ANALYZER_NONNULL = YES;
				CLANG_ANALYZER_NUMBER_OBJECT_CONVERSION = YES_AGGRESSIVE;
				CLANG_CXX_LANGUAGE_STANDARD = "gnu++14";
				CLANG_CXX_LIBRARY = "libc++";
				CLANG_ENABLE_MODULES = YES;
				CLANG_ENABLE_OBJC_ARC = YES;
				CLANG_ENABLE_OBJC_WEAK = YES;
				CLANG_WARN_BLOCK_CAPTURE_AUTORELEASING = YES;
				CLANG_WARN_BOOL_CONVERSION = YES;
				CLANG_WARN_COMMA = YES;
				CLANG_WARN_CONSTANT_CONVERSION = YES;
				CLANG_WARN_DEPRECATED_OBJC_IMPLEMENTATIONS = YES;
				CLANG_WARN_DIRECT_OBJC_ISA_USAGE = YES_ERROR;
				CLANG_WARN_DOCUMENTATION_COMMENTS = YES;
				CLANG_WARN_EMPTY_BODY = YES;
				CLANG_WARN_ENUM_CONVERSION = YES;
				CLANG_WARN_INFINITE_RECURSION = YES;
				CLANG_WARN_INT_CONVERSION = YES;
				CLANG_WARN_NON_LITERAL_NULL_CONVERSION = YES;
				CLANG_WARN_OBJC_IMPLICIT_RETAIN_SELF = YES;
				CLANG_WARN_OBJC_LITERAL_CONVERSION = YES;
				CLANG_WARN_OBJC_ROOT_CLASS = YES_ERROR;
				CLANG_WARN_RANGE_LOOP_ANALYSIS = YES;
				CLANG_WARN_STRICT_PROTOTYPES = YES;
				CLANG_WARN_SUSPICIOUS_MOVE = YES;
				CLANG_WARN_UNGUARDED_AVAILABILITY = YES_AGGRESSIVE;
				CLANG_WARN_UNREACHABLE_CODE = YES;
				CLANG_WARN__DUPLICATE_METHOD_MATCH = YES;
				CODE_SIGN_IDENTITY = "iPhone Developer";
				COPY_PHASE_STRIP = NO;
				DEBUG_INFORMATION_FORMAT = dwarf;
				ENABLE_STRICT_OBJC_MSGSEND = YES;
				ENABLE_TESTABILITY = YES;
				GCC_C_LANGUAGE_STANDARD = gnu11;
				GCC_DYNAMIC_NO_PIC = NO;
				GCC_NO_COMMON_BLOCKS = YES;
				GCC_OPTIMIZATION_LEVEL = 0;
				GCC_PREPROCESSOR_DEFINITIONS = (
					"DEBUG=1",
					"$(inherited)",
				);
				GCC_WARN_64_TO_32_BIT_CONVERSION = YES;
				GCC_WARN_ABOUT_RETURN_TYPE = YES_ERROR;
				GCC_WARN_UNDECLARED_SELECTOR = YES;
				GCC_WARN_UNINITIALIZED_AUTOS = YES_AGGRESSIVE;
				GCC_WARN_UNUSED_FUNCTION = YES;
				GCC_WARN_UNUSED_VARIABLE = YES;
				IPHONEOS_DEPLOYMENT_TARGET = 11.3;
				MTL_ENABLE_DEBUG_INFO = YES;
				ONLY_ACTIVE_ARCH = YES;
				SDKROOT = iphoneos;
			};
			name = Debug;
		};
		262EB48520940F9600BF8921 /* Release */ = {
			isa = XCBuildConfiguration;
			buildSettings = {
				ALWAYS_SEARCH_USER_PATHS = NO;
				CLANG_ANALYZER_NONNULL = YES;
				CLANG_ANALYZER_NUMBER_OBJECT_CONVERSION = YES_AGGRESSIVE;
				CLANG_CXX_LANGUAGE_STANDARD = "gnu++14";
				CLANG_CXX_LIBRARY = "libc++";
				CLANG_ENABLE_MODULES = YES;
				CLANG_ENABLE_OBJC_ARC = YES;
				CLANG_ENABLE_OBJC_WEAK = YES;
				CLANG_WARN_BLOCK_CAPTURE_AUTORELEASING = YES;
				CLANG_WARN_BOOL_CONVERSION = YES;
				CLANG_WARN_COMMA = YES;
				CLANG_WARN_CONSTANT_CONVERSION = YES;
				CLANG_WARN_DEPRECATED_OBJC_IMPLEMENTATIONS = YES;
				CLANG_WARN_DIRECT_OBJC_ISA_USAGE = YES_ERROR;
				CLANG_WARN_DOCUMENTATION_COMMENTS = YES;
				CLANG_WARN_EMPTY_BODY = YES;
				CLANG_WARN_ENUM_CONVERSION = YES;
				CLANG_WARN_INFINITE_RECURSION = YES;
				CLANG_WARN_INT_CONVERSION = YES;
				CLANG_WARN_NON_LITERAL_NULL_CONVERSION = YES;
				CLANG_WARN_OBJC_IMPLICIT_RETAIN_SELF = YES;
				CLANG_WARN_OBJC_LITERAL_CONVERSION = YES;
				CLANG_WARN_OBJC_ROOT_CLASS = YES_ERROR;
				CLANG_WARN_RANGE_LOOP_ANALYSIS = YES;
				CLANG_WARN_STRICT_PROTOTYPES = YES;
				CLANG_WARN_SUSPICIOUS_MOVE = YES;
				CLANG_WARN_UNGUARDED_AVAILABILITY = YES_AGGRESSIVE;
				CLANG_WARN_UNREACHABLE_CODE = YES;
				CLANG_WARN__DUPLICATE_METHOD_MATCH = YES;
				CODE_SIGN_IDENTITY = "iPhone Developer";
				COPY_PHASE_STRIP = NO;
				DEBUG_INFORMATION_FORMAT = "dwarf-with-dsym";
				ENABLE_NS_ASSERTIONS = NO;
				ENABLE_STRICT_OBJC_MSGSEND = YES;
				GCC_C_LANGUAGE_STANDARD = gnu11;
				GCC_NO_COMMON_BLOCKS = YES;
				GCC_WARN_64_TO_32_BIT_CONVERSION = YES;
				GCC_WARN_ABOUT_RETURN_TYPE = YES_ERROR;
				GCC_WARN_UNDECLARED_SELECTOR = YES;
				GCC_WARN_UNINITIALIZED_AUTOS = YES_AGGRESSIVE;
				GCC_WARN_UNUSED_FUNCTION = YES;
				GCC_WARN_UNUSED_VARIABLE = YES;
				IPHONEOS_DEPLOYMENT_TARGET = 11.3;
				MTL_ENABLE_DEBUG_INFO = NO;
				SDKROOT = iphoneos;
				VALIDATE_PRODUCT = YES;
			};
			name = Release;
		};
		262EB48720940F9600BF8921 /* Debug */ = {
			isa = XCBuildConfiguration;
			buildSettings = {
				ASSETCATALOG_COMPILER_APPICON_NAME = AppIcon;
				CODE_SIGN_STYLE = Automatic;
				DEVELOPMENT_TEAM = 26Z2MG3ME2;
				INFOPLIST_FILE = ZXAdditions/Info.plist;
				IPHONEOS_DEPLOYMENT_TARGET = 9.0;
				LD_RUNPATH_SEARCH_PATHS = (
					"$(inherited)",
					"@executable_path/Frameworks",
				);
				PRODUCT_BUNDLE_IDENTIFIER = com.windorz.ZXAdditions;
				PRODUCT_NAME = "$(TARGET_NAME)";
				TARGETED_DEVICE_FAMILY = "1,2";
			};
			name = Debug;
		};
		262EB48820940F9600BF8921 /* Release */ = {
			isa = XCBuildConfiguration;
			buildSettings = {
				ASSETCATALOG_COMPILER_APPICON_NAME = AppIcon;
				CODE_SIGN_STYLE = Automatic;
				DEVELOPMENT_TEAM = 26Z2MG3ME2;
				INFOPLIST_FILE = ZXAdditions/Info.plist;
				IPHONEOS_DEPLOYMENT_TARGET = 9.0;
				LD_RUNPATH_SEARCH_PATHS = (
					"$(inherited)",
					"@executable_path/Frameworks",
				);
				PRODUCT_BUNDLE_IDENTIFIER = com.windorz.ZXAdditions;
				PRODUCT_NAME = "$(TARGET_NAME)";
				TARGETED_DEVICE_FAMILY = "1,2";
			};
			name = Release;
		};
/* End XCBuildConfiguration section */

/* Begin XCConfigurationList section */
		262EB46B20940F9500BF8921 /* Build configuration list for PBXProject "ZXAdditions" */ = {
			isa = XCConfigurationList;
			buildConfigurations = (
				262EB48420940F9600BF8921 /* Debug */,
				262EB48520940F9600BF8921 /* Release */,
			);
			defaultConfigurationIsVisible = 0;
			defaultConfigurationName = Release;
		};
		262EB48620940F9600BF8921 /* Build configuration list for PBXNativeTarget "ZXAdditions" */ = {
			isa = XCConfigurationList;
			buildConfigurations = (
				262EB48720940F9600BF8921 /* Debug */,
				262EB48820940F9600BF8921 /* Release */,
			);
			defaultConfigurationIsVisible = 0;
			defaultConfigurationName = Release;
		};
/* End XCConfigurationList section */
	};
	rootObject = 262EB46820940F9500BF8921 /* Project object */;
}
